
Microsoft Visual Studio Solution File, Format Version 12.00
# Visual Studio 15
VisualStudioVersion = 15.0.26228.4
MinimumVisualStudioVersion = 10.0.40219.1
Project("{FAE04EC0-301F-11D3-BF4B-00C04F79EFBC}") = "Task.NUnitTest", "Task.NUnitTest\Task.NUnitTest.csproj", "{B4517259-46D6-4CFA-B31C-5A4F2CC9F8EE}"
EndProject
Project("{FAE04EC0-301F-11D3-BF4B-00C04F79EFBC}") = "Task.DataAccessLayer", "Task.DataAccessLayer\Task.DataAccessLayer.csproj", "{E8AC7C07-E2F9-4CE2-B2CA-5EA8161466A4}"
EndProject
Project("{FAE04EC0-301F-11D3-BF4B-00C04F79EFBC}") = "Task.BusinessLayer", "Task.BusinessLayer\Task.BusinessLayer.csproj", "{5C1FA696-1999-4624-A515-8D3C2DA06597}"
EndProject
Project("{FAE04EC0-301F-11D3-BF4B-00C04F79EFBC}") = "TaskManagerAPI", "TaskManagerAPI\TaskManagerAPI.csproj", "{D67BD7CA-162D-4400-A657-141036935348}"
EndProject
Global
	GlobalSection(SolutionConfigurationPlatforms) = preSolution
		Debug|Any CPU = Debug|Any CPU
		Release|Any CPU = Release|Any CPU
	EndGlobalSection
	GlobalSection(ProjectConfigurationPlatforms) = postSolution
		{B4517259-46D6-4CFA-B31C-5A4F2CC9F8EE}.Debug|Any CPU.ActiveCfg = Debug|Any CPU
		{B4517259-46D6-4CFA-B31C-5A4F2CC9F8EE}.Debug|Any CPU.Build.0 = Debug|Any CPU
		{B4517259-46D6-4CFA-B31C-5A4F2CC9F8EE}.Release|Any CPU.ActiveCfg = Release|Any CPU
		{B4517259-46D6-4CFA-B31C-5A4F2CC9F8EE}.Release|Any CPU.Build.0 = Release|Any CPU
		{E8AC7C07-E2F9-4CE2-B2CA-5EA8161466A4}.Debug|Any CPU.ActiveCfg = Debug|Any CPU
		{E8AC7C07-E2F9-4CE2-B2CA-5EA8161466A4}.Debug|Any CPU.Build.0 = Debug|Any CPU
		{E8AC7C07-E2F9-4CE2-B2CA-5EA8161466A4}.Release|Any CPU.ActiveCfg = Release|Any CPU
		{E8AC7C07-E2F9-4CE2-B2CA-5EA8161466A4}.Release|Any CPU.Build.0 = Release|Any CPU
		{5C1FA696-1999-4624-A515-8D3C2DA06597}.Debug|Any CPU.ActiveCfg = Debug|Any CPU
		{5C1FA696-1999-4624-A515-8D3C2DA06597}.Debug|Any CPU.Build.0 = Debug|Any CPU
		{5C1FA696-1999-4624-A515-8D3C2DA06597}.Release|Any CPU.ActiveCfg = Release|Any CPU
		{5C1FA696-1999-4624-A515-8D3C2DA06597}.Release|Any CPU.Build.0 = Release|Any CPU
		{D67BD7CA-162D-4400-A657-141036935348}.Debug|Any CPU.ActiveCfg = Debug|Any CPU
		{D67BD7CA-162D-4400-A657-141036935348}.Debug|Any CPU.Build.0 = Debug|Any CPU
		{D67BD7CA-162D-4400-A657-141036935348}.Release|Any CPU.ActiveCfg = Release|Any CPU
		{D67BD7CA-162D-4400-A657-141036935348}.Release|Any CPU.Build.0 = Release|Any CPU
	EndGlobalSection
	GlobalSection(SolutionProperties) = preSolution
		HideSolutionNode = FALSE
	EndGlobalSection
EndGlobal
